// !$*UTF8*$!
{
	archiveVersion = 1;
	classes = {
	};
	objectVersion = 46;
	objects = {

/* Begin PBXBuildFile section */
		1F52B8B51BB4F5B500EBFFD9 /* AppDelegate.swift in Sources */ = {isa = PBXBuildFile; fileRef = 1F52B8B41BB4F5B500EBFFD9 /* AppDelegate.swift */; };
		1F52B8B71BB4F5B500EBFFD9 /* ViewController.swift in Sources */ = {isa = PBXBuildFile; fileRef = 1F52B8B61BB4F5B500EBFFD9 /* ViewController.swift */; };
		1F52B8BA1BB4F5B500EBFFD9 /* Main.storyboard in Resources */ = {isa = PBXBuildFile; fileRef = 1F52B8B81BB4F5B500EBFFD9 /* Main.storyboard */; };
		1F52B8BC1BB4F5B500EBFFD9 /* Assets.xcassets in Resources */ = {isa = PBXBuildFile; fileRef = 1F52B8BB1BB4F5B500EBFFD9 /* Assets.xcassets */; };
		1F52B8BF1BB4F5B500EBFFD9 /* LaunchScreen.storyboard in Resources */ = {isa = PBXBuildFile; fileRef = 1F52B8BD1BB4F5B500EBFFD9 /* LaunchScreen.storyboard */; };
		1F52B8CA1BB4F5B500EBFFD9 /* adTests.swift in Sources */ = {isa = PBXBuildFile; fileRef = 1F52B8C91BB4F5B500EBFFD9 /* adTests.swift */; };
		1F52B8D51BB4F5B500EBFFD9 /* adUITests.swift in Sources */ = {isa = PBXBuildFile; fileRef = 1F52B8D41BB4F5B500EBFFD9 /* adUITests.swift */; };
/* End PBXBuildFile section */

/* Begin PBXContainerItemProxy section */
		1F52B8C61BB4F5B500EBFFD9 /* PBXContainerItemProxy */ = {
			isa = PBXContainerItemProxy;
			containerPortal = 1F52B8A91BB4F5B500EBFFD9 /* Project object */;
			proxyType = 1;
			remoteGlobalIDString = 1F52B8B01BB4F5B500EBFFD9;
			remoteInfo = ad;
		};
		1F52B8D11BB4F5B500EBFFD9 /* PBXContainerItemProxy */ = {
			isa = PBXContainerItemProxy;
			containerPortal = 1F52B8A91BB4F5B500EBFFD9 /* Project object */;
			proxyType = 1;
			remoteGlobalIDString = 1F52B8B01BB4F5B500EBFFD9;
			remoteInfo = ad;
		};
/* End PBXContainerItemProxy section */

/* Begin PBXFileReference section */
		1F52B8B11BB4F5B500EBFFD9 /* ad.app */ = {isa = PBXFileReference; explicitFileType = wrapper.application; includeInIndex = 0; path = ad.app; sourceTree = BUILT_PRODUCTS_DIR; };
		1F52B8B41BB4F5B500EBFFD9 /* AppDelegate.swift */ = {isa = PBXFileReference; lastKnownFileType = sourcecode.swift; path = AppDelegate.swift; sourceTree = "<group>"; };
		1F52B8B61BB4F5B500EBFFD9 /* ViewController.swift */ = {isa = PBXFileReference; lastKnownFileType = sourcecode.swift; path = ViewController.swift; sourceTree = "<group>"; };
		1F52B8B91BB4F5B500EBFFD9 /* Base */ = {isa = PBXFileReference; lastKnownFileType = file.storyboard; name = Base; path = Base.lproj/Main.storyboard; sourceTree = "<group>"; };
		1F52B8BB1BB4F5B500EBFFD9 /* Assets.xcassets */ = {isa = PBXFileReference; lastKnownFileType = folder.assetcatalog; path = Assets.xcassets; sourceTree = "<group>"; };
		1F52B8BE1BB4F5B500EBFFD9 /* Base */ = {isa = PBXFileReference; lastKnownFileType = file.storyboard; name = Base; path = Base.lproj/LaunchScreen.storyboard; sourceTree = "<group>"; };
		1F52B8C01BB4F5B500EBFFD9 /* Info.plist */ = {isa = PBXFileReference; lastKnownFileType = text.plist.xml; path = Info.plist; sourceTree = "<group>"; };
		1F52B8C51BB4F5B500EBFFD9 /* adTests.xctest */ = {isa = PBXFileReference; explicitFileType = wrapper.cfbundle; includeInIndex = 0; path = adTests.xctest; sourceTree = BUILT_PRODUCTS_DIR; };
		1F52B8C91BB4F5B500EBFFD9 /* adTests.swift */ = {isa = PBXFileReference; lastKnownFileType = sourcecode.swift; path = adTests.swift; sourceTree = "<group>"; };
		1F52B8CB1BB4F5B500EBFFD9 /* Info.plist */ = {isa = PBXFileReference; lastKnownFileType = text.plist.xml; path = Info.plist; sourceTree = "<group>"; };
		1F52B8D01BB4F5B500EBFFD9 /* adUITests.xctest */ = {isa = PBXFileReference; explicitFileType = wrapper.cfbundle; includeInIndex = 0; path = adUITests.xctest; sourceTree = BUILT_PRODUCTS_DIR; };
		1F52B8D41BB4F5B500EBFFD9 /* adUITests.swift */ = {isa = PBXFileReference; lastKnownFileType = sourcecode.swift; path = adUITests.swift; sourceTree = "<group>"; };
		1F52B8D61BB4F5B500EBFFD9 /* Info.plist */ = {isa = PBXFileReference; lastKnownFileType = text.plist.xml; path = Info.plist; sourceTree = "<group>"; };
/* End PBXFileReference section */

/* Begin PBXFrameworksBuildPhase section */
		1F52B8AE1BB4F5B500EBFFD9 /* Frameworks */ = {
			isa = PBXFrameworksBuildPhase;
			buildActionMask = 2147483647;
			files = (
			);
			runOnlyForDeploymentPostprocessing = 0;
		};
		1F52B8C21BB4F5B500EBFFD9 /* Frameworks */ = {
			isa = PBXFrameworksBuildPhase;
			buildActionMask = 2147483647;
			files = (
			);
			runOnlyForDeploymentPostprocessing = 0;
		};
		1F52B8CD1BB4F5B500EBFFD9 /* Frameworks */ = {
			isa = PBXFrameworksBuildPhase;
			buildActionMask = 2147483647;
			files = (
			);
			runOnlyForDeploymentPostprocessing = 0;
		};
/* End PBXFrameworksBuildPhase section */

/* Begin PBXGroup section */
		1F52B8A81BB4F5B500EBFFD9 = {
			isa = PBXGroup;
			children = (
				1F52B8B31BB4F5B500EBFFD9 /* ad */,
				1F52B8C81BB4F5B500EBFFD9 /* adTests */,
				1F52B8D31BB4F5B500EBFFD9 /* adUITests */,
				1F52B8B21BB4F5B500EBFFD9 /* Products */,
			);
			sourceTree = "<group>";
		};
		1F52B8B21BB4F5B500EBFFD9 /* Products */ = {
			isa = PBXGroup;
			children = (
				1F52B8B11BB4F5B500EBFFD9 /* ad.app */,
				1F52B8C51BB4F5B500EBFFD9 /* adTests.xctest */,
				1F52B8D01BB4F5B500EBFFD9 /* adUITests.xctest */,
			);
			name = Products;
			sourceTree = "<group>";
		};
		1F52B8B31BB4F5B500EBFFD9 /* ad */ = {
			isa = PBXGroup;
			children = (
				1F52B8B41BB4F5B500EBFFD9 /* AppDelegate.swift */,
				1F52B8B61BB4F5B500EBFFD9 /* ViewController.swift */,
				1F52B8B81BB4F5B500EBFFD9 /* Main.storyboard */,
				1F52B8BB1BB4F5B500EBFFD9 /* Assets.xcassets */,
				1F52B8BD1BB4F5B500EBFFD9 /* LaunchScreen.storyboard */,
				1F52B8C01BB4F5B500EBFFD9 /* Info.plist */,
			);
			path = ad;
			sourceTree = "<group>";
		};
		1F52B8C81BB4F5B500EBFFD9 /* adTests */ = {
			isa = PBXGroup;
			children = (
				1F52B8C91BB4F5B500EBFFD9 /* adTests.swift */,
				1F52B8CB1BB4F5B500EBFFD9 /* Info.plist */,
			);
			path = adTests;
			sourceTree = "<group>";
		};
		1F52B8D31BB4F5B500EBFFD9 /* adUITests */ = {
			isa = PBXGroup;
			children = (
				1F52B8D41BB4F5B500EBFFD9 /* adUITests.swift */,
				1F52B8D61BB4F5B500EBFFD9 /* Info.plist */,
			);
			path = adUITests;
			sourceTree = "<group>";
		};
/* End PBXGroup section */

/* Begin PBXNativeTarget section */
		1F52B8B01BB4F5B500EBFFD9 /* ad */ = {
			isa = PBXNativeTarget;
			buildConfigurationList = 1F52B8D91BB4F5B500EBFFD9 /* Build configuration list for PBXNativeTarget "ad" */;
			buildPhases = (
				1F52B8AD1BB4F5B500EBFFD9 /* Sources */,
				1F52B8AE1BB4F5B500EBFFD9 /* Frameworks */,
				1F52B8AF1BB4F5B500EBFFD9 /* Resources */,
			);
			buildRules = (
			);
			dependencies = (
			);
			name = ad;
			productName = ad;
			productReference = 1F52B8B11BB4F5B500EBFFD9 /* ad.app */;
			productType = "com.apple.product-type.application";
		};
		1F52B8C41BB4F5B500EBFFD9 /* adTests */ = {
			isa = PBXNativeTarget;
			buildConfigurationList = 1F52B8DC1BB4F5B500EBFFD9 /* Build configuration list for PBXNativeTarget "adTests" */;
			buildPhases = (
				1F52B8C11BB4F5B500EBFFD9 /* Sources */,
				1F52B8C21BB4F5B500EBFFD9 /* Frameworks */,
				1F52B8C31BB4F5B500EBFFD9 /* Resources */,
			);
			buildRules = (
			);
			dependencies = (
				1F52B8C71BB4F5B500EBFFD9 /* PBXTargetDependency */,
			);
			name = adTests;
			productName = adTests;
			productReference = 1F52B8C51BB4F5B500EBFFD9 /* adTests.xctest */;
			productType = "com.apple.product-type.bundle.unit-test";
		};
		1F52B8CF1BB4F5B500EBFFD9 /* adUITests */ = {
			isa = PBXNativeTarget;
			buildConfigurationList = 1F52B8DF1BB4F5B500EBFFD9 /* Build configuration list for PBXNativeTarget "adUITests" */;
			buildPhases = (
				1F52B8CC1BB4F5B500EBFFD9 /* Sources */,
				1F52B8CD1BB4F5B500EBFFD9 /* Frameworks */,
				1F52B8CE1BB4F5B500EBFFD9 /* Resources */,
			);
			buildRules = (
			);
			dependencies = (
				1F52B8D21BB4F5B500EBFFD9 /* PBXTargetDependency */,
			);
			name = adUITests;
			productName = adUITests;
			productReference = 1F52B8D01BB4F5B500EBFFD9 /* adUITests.xctest */;
			productType = "com.apple.product-type.bundle.ui-testing";
		};
/* End PBXNativeTarget section */

/* Begin PBXProject section */
		1F52B8A91BB4F5B500EBFFD9 /* Project object */ = {
			isa = PBXProject;
			attributes = {
				LastUpgradeCheck = 0700;
				ORGANIZATIONNAME = 2Y;
				TargetAttributes = {
					1F52B8B01BB4F5B500EBFFD9 = {
						CreatedOnToolsVersion = 7.0;
					};
					1F52B8C41BB4F5B500EBFFD9 = {
						CreatedOnToolsVersion = 7.0;
						TestTargetID = 1F52B8B01BB4F5B500EBFFD9;
					};
					1F52B8CF1BB4F5B500EBFFD9 = {
						CreatedOnToolsVersion = 7.0;
						TestTargetID = 1F52B8B01BB4F5B500EBFFD9;
					};
				};
			};
			buildConfigurationList = 1F52B8AC1BB4F5B500EBFFD9 /* Build configuration list for PBXProject "ad" */;
			compatibilityVersion = "Xcode 3.2";
			developmentRegion = English;
			hasScannedForEncodings = 0;
			knownRegions = (
				en,
				Base,
			);
			mainGroup = 1F52B8A81BB4F5B500EBFFD9;
			productRefGroup = 1F52B8B21BB4F5B500EBFFD9 /* Products */;
			projectDirPath = "";
			projectRoot = "";
			targets = (
				1F52B8B01BB4F5B500EBFFD9 /* ad */,
				1F52B8C41BB4F5B500EBFFD9 /* adTests */,
				1F52B8CF1BB4F5B500EBFFD9 /* adUITests */,
			);
		};
/* End PBXProject section */

/* Begin PBXResourcesBuildPhase section */
		1F52B8AF1BB4F5B500EBFFD9 /* Resources */ = {
			isa = PBXResourcesBuildPhase;
			buildActionMask = 2147483647;
			files = (
				1F52B8BF1BB4F5B500EBFFD9 /* LaunchScreen.storyboard in Resources */,
				1F52B8BC1BB4F5B500EBFFD9 /* Assets.xcassets in Resources */,
				1F52B8BA1BB4F5B500EBFFD9 /* Main.storyboard in Resources */,
			);
			runOnlyForDeploymentPostprocessing = 0;
		};
		1F52B8C31BB4F5B500EBFFD9 /* Resources */ = {
			isa = PBXResourcesBuildPhase;
			buildActionMask = 2147483647;
			files = (
			);
			runOnlyForDeploymentPostprocessing = 0;
		};
		1F52B8CE1BB4F5B500EBFFD9 /* Resources */ = {
			isa = PBXResourcesBuildPhase;
			buildActionMask = 2147483647;
			files = (
			);
			runOnlyForDeploymentPostprocessing = 0;
		};
/* End PBXResourcesBuildPhase section */

/* Begin PBXSourcesBuildPhase section */
		1F52B8AD1BB4F5B500EBFFD9 /* Sources */ = {
			isa = PBXSourcesBuildPhase;
			buildActionMask = 2147483647;
			files = (
				1F52B8B71BB4F5B500EBFFD9 /* ViewController.swift in Sources */,
				1F52B8B51BB4F5B500EBFFD9 /* AppDelegate.swift in Sources */,
			);
			runOnlyForDeploymentPostprocessing = 0;
		};
		1F52B8C11BB4F5B500EBFFD9 /* Sources */ = {
			isa = PBXSourcesBuildPhase;
			buildActionMask = 2147483647;
			files = (
				1F52B8CA1BB4F5B500EBFFD9 /* adTests.swift in Sources */,
			);
			runOnlyForDeploymentPostprocessing = 0;
		};
		1F52B8CC1BB4F5B500EBFFD9 /* Sources */ = {
			isa = PBXSourcesBuildPhase;
			buildActionMask = 2147483647;
			files = (
				1F52B8D51BB4F5B500EBFFD9 /* adUITests.swift in Sources */,
			);
			runOnlyForDeploymentPostprocessing = 0;
		};
/* End PBXSourcesBuildPhase section */

/* Begin PBXTargetDependency section */
		1F52B8C71BB4F5B500EBFFD9 /* PBXTargetDependency */ = {
			isa = PBXTargetDependency;
			target = 1F52B8B01BB4F5B500EBFFD9 /* ad */;
			targetProxy = 1F52B8C61BB4F5B500EBFFD9 /* PBXContainerItemProxy */;
		};
		1F52B8D21BB4F5B500EBFFD9 /* PBXTargetDependency */ = {
			isa = PBXTargetDependency;
			target = 1F52B8B01BB4F5B500EBFFD9 /* ad */;
			targetProxy = 1F52B8D11BB4F5B500EBFFD9 /* PBXContainerItemProxy */;
		};
/* End PBXTargetDependency section */

/* Begin PBXVariantGroup section */
		1F52B8B81BB4F5B500EBFFD9 /* Main.storyboard */ = {
			isa = PBXVariantGroup;
			children = (
				1F52B8B91BB4F5B500EBFFD9 /* Base */,
			);
			name = Main.storyboard;
			sourceTree = "<group>";
		};
		1F52B8BD1BB4F5B500EBFFD9 /* LaunchScreen.storyboard */ = {
			isa = PBXVariantGroup;
			children = (
				1F52B8BE1BB4F5B500EBFFD9 /* Base */,
			);
			name = LaunchScreen.storyboard;
			sourceTree = "<group>";
		};
/* End PBXVariantGroup section */

/* Begin XCBuildConfiguration section */
		1F52B8D71BB4F5B500EBFFD9 /* Debug */ = {
			isa = XCBuildConfiguration;
			buildSettings = {
				ALWAYS_SEARCH_USER_PATHS = NO;
				CLANG_CXX_LANGUAGE_STANDARD = "gnu++0x";
				CLANG_CXX_LIBRARY = "libc++";
				CLANG_ENABLE_MODULES = YES;
				CLANG_ENABLE_OBJC_ARC = YES;
				CLANG_WARN_BOOL_CONVERSION = YES;
				CLANG_WARN_CONSTANT_CONVERSION = YES;
				CLANG_WARN_DIRECT_OBJC_ISA_USAGE = YES_ERROR;
				CLANG_WARN_EMPTY_BODY = YES;
				CLANG_WARN_ENUM_CONVERSION = YES;
				CLANG_WARN_INT_CONVERSION = YES;
				CLANG_WARN_OBJC_ROOT_CLASS = YES_ERROR;
				CLANG_WARN_UNREACHABLE_CODE = YES;
				CLANG_WARN__DUPLICATE_METHOD_MATCH = YES;
				"CODE_SIGN_IDENTITY[sdk=iphoneos*]" = "iPhone Developer";
				COPY_PHASE_STRIP = NO;
				DEBUG_INFORMATION_FORMAT = dwarf;
				ENABLE_STRICT_OBJC_MSGSEND = YES;
				ENABLE_TESTABILITY = YES;
				GCC_C_LANGUAGE_STANDARD = gnu99;
				GCC_DYNAMIC_NO_PIC = NO;
				GCC_NO_COMMON_BLOCKS = YES;
				GCC_OPTIMIZATION_LEVEL = 0;
				GCC_PREPROCESSOR_DEFINITIONS = (
					"DEBUG=1",
					"$(inherited)",
				);
				GCC_WARN_64_TO_32_BIT_CONVERSION = YES;
				GCC_WARN_ABOUT_RETURN_TYPE = YES_ERROR;
				GCC_WARN_UNDECLARED_SELECTOR = YES;
				GCC_WARN_UNINITIALIZED_AUTOS = YES_AGGRESSIVE;
				GCC_WARN_UNUSED_FUNCTION = YES;
				GCC_WARN_UNUSED_VARIABLE = YES;
				IPHONEOS_DEPLOYMENT_TARGET = 9.0;
				MTL_ENABLE_DEBUG_INFO = YES;
				ONLY_ACTIVE_ARCH = YES;
				SDKROOT = iphoneos;
				SWIFT_OPTIMIZATION_LEVEL = "-Onone";
				TARGETED_DEVICE_FAMILY = "1,2";
			};
			name = Debug;
		};
		1F52B8D81BB4F5B500EBFFD9 /* Release */ = {
			isa = XCBuildConfiguration;
			buildSettings = {
				ALWAYS_SEARCH_USER_PATHS = NO;
				CLANG_CXX_LANGUAGE_STANDARD = "gnu++0x";
				CLANG_CXX_LIBRARY = "libc++";
				CLANG_ENABLE_MODULES = YES;
				CLANG_ENABLE_OBJC_ARC = YES;
				CLANG_WARN_BOOL_CONVERSION = YES;
				CLANG_WARN_CONSTANT_CONVERSION = YES;
				CLANG_WARN_DIRECT_OBJC_ISA_USAGE = YES_ERROR;
				CLANG_WARN_EMPTY_BODY = YES;
				CLANG_WARN_ENUM_CONVERSION = YES;
				CLANG_WARN_INT_CONVERSION = YES;
				CLANG_WARN_OBJC_ROOT_CLASS = YES_ERROR;
				CLANG_WARN_UNREACHABLE_CODE = YES;
				CLANG_WARN__DUPLICATE_METHOD_MATCH = YES;
				"CODE_SIGN_IDENTITY[sdk=iphoneos*]" = "iPhone Developer";
				COPY_PHASE_STRIP = NO;
				DEBUG_INFORMATION_FORMAT = "dwarf-with-dsym";
				ENABLE_NS_ASSERTIONS = NO;
				ENABLE_STRICT_OBJC_MSGSEND = YES;
				GCC_C_LANGUAGE_STANDARD = gnu99;
				GCC_NO_COMMON_BLOCKS = YES;
				GCC_WARN_64_TO_32_BIT_CONVERSION = YES;
				GCC_WARN_ABOUT_RETURN_TYPE = YES_ERROR;
				GCC_WARN_UNDECLARED_SELECTOR = YES;
				GCC_WARN_UNINITIALIZED_AUTOS = YES_AGGRESSIVE;
				GCC_WARN_UNUSED_FUNCTION = YES;
				GCC_WARN_UNUSED_VARIABLE = YES;
				IPHONEOS_DEPLOYMENT_TARGET = 9.0;
				MTL_ENABLE_DEBUG_INFO = NO;
				SDKROOT = iphoneos;
				TARGETED_DEVICE_FAMILY = "1,2";
				VALIDATE_PRODUCT = YES;
			};
			name = Release;
		};
		1F52B8DA1BB4F5B500EBFFD9 /* Debug */ = {
			isa = XCBuildConfiguration;
			buildSettings = {
				ASSETCATALOG_COMPILER_APPICON_NAME = AppIcon;
				INFOPLIST_FILE = ad/Info.plist;
				LD_RUNPATH_SEARCH_PATHS = "$(inherited) @executable_path/Frameworks";
				PRODUCT_BUNDLE_IDENTIFIER = "net.b-r-u.ad";
				PRODUCT_NAME = "$(TARGET_NAME)";
			};
			name = Debug;
		};
		1F52B8DB1BB4F5B500EBFFD9 /* Release */ = {
			isa = XCBuildConfiguration;
			buildSettings = {
				ASSETCATALOG_COMPILER_APPICON_NAME = AppIcon;
				INFOPLIST_FILE = ad/Info.plist;
				LD_RUNPATH_SEARCH_PATHS = "$(inherited) @executable_path/Frameworks";
				PRODUCT_BUNDLE_IDENTIFIER = "net.b-r-u.ad";
				PRODUCT_NAME = "$(TARGET_NAME)";
			};
			name = Release;
		};
		1F52B8DD1BB4F5B500EBFFD9 /* Debug */ = {
			isa = XCBuildConfiguration;
			buildSettings = {
				BUNDLE_LOADER = "$(TEST_HOST)";
				INFOPLIST_FILE = adTests/Info.plist;
				LD_RUNPATH_SEARCH_PATHS = "$(inherited) @executable_path/Frameworks @loader_path/Frameworks";
				PRODUCT_BUNDLE_IDENTIFIER = "net.b-r-u.adTests";
				PRODUCT_NAME = "$(TARGET_NAME)";
				TEST_HOST = "$(BUILT_PRODUCTS_DIR)/ad.app/ad";
			};
			name = Debug;
		};
		1F52B8DE1BB4F5B500EBFFD9 /* Release */ = {
			isa = XCBuildConfiguration;
			buildSettings = {
				BUNDLE_LOADER = "$(TEST_HOST)";
				INFOPLIST_FILE = adTests/Info.plist;
				LD_RUNPATH_SEARCH_PATHS = "$(inherited) @executable_path/Frameworks @loader_path/Frameworks";
				PRODUCT_BUNDLE_IDENTIFIER = "net.b-r-u.adTests";
				PRODUCT_NAME = "$(TARGET_NAME)";
				TEST_HOST = "$(BUILT_PRODUCTS_DIR)/ad.app/ad";
			};
			name = Release;
		};
		1F52B8E01BB4F5B500EBFFD9 /* Debug */ = {
			isa = XCBuildConfiguration;
			buildSettings = {
				INFOPLIST_FILE = adUITests/Info.plist;
				LD_RUNPATH_SEARCH_PATHS = "$(inherited) @executable_path/Frameworks @loader_path/Frameworks";
				PRODUCT_BUNDLE_IDENTIFIER = "net.b-r-u.adUITests";
				PRODUCT_NAME = "$(TARGET_NAME)";
				TEST_TARGET_NAME = ad;
				USES_XCTRUNNER = YES;
			};
			name = Debug;
		};
		1F52B8E11BB4F5B500EBFFD9 /* Release */ = {
			isa = XCBuildConfiguration;
			buildSettings = {
				INFOPLIST_FILE = adUITests/Info.plist;
				LD_RUNPATH_SEARCH_PATHS = "$(inherited) @executable_path/Frameworks @loader_path/Frameworks";
				PRODUCT_BUNDLE_IDENTIFIER = "net.b-r-u.adUITests";
				PRODUCT_NAME = "$(TARGET_NAME)";
				TEST_TARGET_NAME = ad;
				USES_XCTRUNNER = YES;
			};
			name = Release;
		};
/* End XCBuildConfiguration section */

/* Begin XCConfigurationList section */
		1F52B8AC1BB4F5B500EBFFD9 /* Build configuration list for PBXProject "ad" */ = {
			isa = XCConfigurationList;
			buildConfigurations = (
				1F52B8D71BB4F5B500EBFFD9 /* Debug */,
				1F52B8D81BB4F5B500EBFFD9 /* Release */,
			);
			defaultConfigurationIsVisible = 0;
			defaultConfigurationName = Release;
		};
		1F52B8D91BB4F5B500EBFFD9 /* Build configuration list for PBXNativeTarget "ad" */ = {
			isa = XCConfigurationList;
			buildConfigurations = (
				1F52B8DA1BB4F5B500EBFFD9 /* Debug */,
				1F52B8DB1BB4F5B500EBFFD9 /* Release */,
			);
			defaultConfigurationIsVisible = 0;
		};
		1F52B8DC1BB4F5B500EBFFD9 /* Build configuration list for PBXNativeTarget "adTests" */ = {
			isa = XCConfigurationList;
			buildConfigurations = (
				1F52B8DD1BB4F5B500EBFFD9 /* Debug */,
				1F52B8DE1BB4F5B500EBFFD9 /* Release */,
			);
			defaultConfigurationIsVisible = 0;
		};
		1F52B8DF1BB4F5B500EBFFD9 /* Build configuration list for PBXNativeTarget "adUITests" */ = {
			isa = XCConfigurationList;
			buildConfigurations = (
				1F52B8E01BB4F5B500EBFFD9 /* Debug */,
				1F52B8E11BB4F5B500EBFFD9 /* Release */,
			);
			defaultConfigurationIsVisible = 0;
		};
/* End XCConfigurationList section */
	};
	rootObject = 1F52B8A91BB4F5B500EBFFD9 /* Project object */;
}
